
Microsoft Visual Studio Solution File, Format Version 12.00
# Visual Studio Version 17
VisualStudioVersion = 17.11.35327.3
MinimumVisualStudioVersion = 10.0.40219.1
Project("{FAE04EC0-301F-11D3-BF4B-00C04F79EFBC}") = "WarRoomServer", "WarRoomServer\WarRoomServer.csproj", "{85CE5A07-EB85-48A1-8289-894CA5F5EA27}"
EndProject
Project("{9A19103F-16F7-4668-BE54-9A1E7A4F7556}") = "AGVSystemCommonNet6", "..\AGVSystemCommonNet6\AGVSystemCommonNet6.csproj", "{10903396-DA93-46BA-914D-CB62DC0CE4BF}"
EndProject
Global
	GlobalSection(SolutionConfigurationPlatforms) = preSolution
		Debug|Any CPU = Debug|Any CPU
		Release|Any CPU = Release|Any CPU
	EndGlobalSection
	GlobalSection(ProjectConfigurationPlatforms) = postSolution
		{85CE5A07-EB85-48A1-8289-894CA5F5EA27}.Debug|Any CPU.ActiveCfg = Debug|Any CPU
		{85CE5A07-EB85-48A1-8289-894CA5F5EA27}.Debug|Any CPU.Build.0 = Debug|Any CPU
		{85CE5A07-EB85-48A1-8289-894CA5F5EA27}.Release|Any CPU.ActiveCfg = Release|Any CPU
		{85CE5A07-EB85-48A1-8289-894CA5F5EA27}.Release|Any CPU.Build.0 = Release|Any CPU
		{10903396-DA93-46BA-914D-CB62DC0CE4BF}.Debug|Any CPU.ActiveCfg = Debug|Any CPU
		{10903396-DA93-46BA-914D-CB62DC0CE4BF}.Debug|Any CPU.Build.0 = Debug|Any CPU
		{10903396-DA93-46BA-914D-CB62DC0CE4BF}.Release|Any CPU.ActiveCfg = Release|Any CPU
		{10903396-DA93-46BA-914D-CB62DC0CE4BF}.Release|Any CPU.Build.0 = Release|Any CPU
	EndGlobalSection
	GlobalSection(SolutionProperties) = preSolution
		HideSolutionNode = FALSE
	EndGlobalSection
	GlobalSection(ExtensibilityGlobals) = postSolution
		SolutionGuid = {72D64016-F901-476E-8DD8-A0426568554D}
	EndGlobalSection
EndGlobal
